
Microsoft Visual Studio Solution File, Format Version 12.00
# Visual Studio Version 16
VisualStudioVersion = 16.0.28721.148
MinimumVisualStudioVersion = 10.0.40219.1
Project("{9A19103F-16F7-4668-BE54-9A1E7A4F7556}") = "Testich", "Testich\Testich.csproj", "{D3CB2A0D-8EFF-4044-9C7B-48E5BF160449}"
EndProject
Global
	GlobalSection(SolutionConfigurationPlatforms) = preSolution
		Debug|Any CPU = Debug|Any CPU
		Release|Any CPU = Release|Any CPU
	EndGlobalSection
	GlobalSection(ProjectConfigurationPlatforms) = postSolution
		{D3CB2A0D-8EFF-4044-9C7B-48E5BF160449}.Debug|Any CPU.ActiveCfg = Debug|Any CPU
		{D3CB2A0D-8EFF-4044-9C7B-48E5BF160449}.Debug|Any CPU.Build.0 = Debug|Any CPU
		{D3CB2A0D-8EFF-4044-9C7B-48E5BF160449}.Release|Any CPU.ActiveCfg = Release|Any CPU
		{D3CB2A0D-8EFF-4044-9C7B-48E5BF160449}.Release|Any CPU.Build.0 = Release|Any CPU
	EndGlobalSection
	GlobalSection(SolutionProperties) = preSolution
		HideSolutionNode = FALSE
	EndGlobalSection
	GlobalSection(ExtensibilityGlobals) = postSolution
		SolutionGuid = {C5B45441-355C-40D3-9CE9-98B85C446CDA}
	EndGlobalSection
	GlobalSection(TeamFoundationVersionControl) = preSolution
		SccNumberOfProjects = 2
		SccEnterpriseProvider = {4CA58AB2-18FA-4F8D-95D4-32DDF27D184C}
		SccTeamFoundationServer = https://oof3nd.visualstudio.com/
		SccLocalPath0 = .
		SccProjectUniqueName1 = Testich\\Testich.csproj
		SccProjectName1 = Testich
		SccLocalPath1 = Testich
	EndGlobalSection
EndGlobal
